
Microsoft Visual Studio Solution File, Format Version 12.00
# Visual Studio Version 16
VisualStudioVersion = 16.0.32228.343
MinimumVisualStudioVersion = 10.0.40219.1
Project("{FAE04EC0-301F-11D3-BF4B-00C04F79EFBC}") = "QuanLyTHUCUNG", "QuanLyTHUCUNG\QuanLyTHUCUNG.csproj", "{31631C66-9AEE-4443-B4DA-40521332CC7C}"
EndProject
Global
	GlobalSection(SolutionConfigurationPlatforms) = preSolution
		Debug|Any CPU = Debug|Any CPU
		Release|Any CPU = Release|Any CPU
	EndGlobalSection
	GlobalSection(ProjectConfigurationPlatforms) = postSolution
		{31631C66-9AEE-4443-B4DA-40521332CC7C}.Debug|Any CPU.ActiveCfg = Debug|Any CPU
		{31631C66-9AEE-4443-B4DA-40521332CC7C}.Debug|Any CPU.Build.0 = Debug|Any CPU
		{31631C66-9AEE-4443-B4DA-40521332CC7C}.Release|Any CPU.ActiveCfg = Release|Any CPU
		{31631C66-9AEE-4443-B4DA-40521332CC7C}.Release|Any CPU.Build.0 = Release|Any CPU
	EndGlobalSection
	GlobalSection(SolutionProperties) = preSolution
		HideSolutionNode = FALSE
	EndGlobalSection
	GlobalSection(ExtensibilityGlobals) = postSolution
		SolutionGuid = {2B8E8A8A-7B74-4606-8DFC-6CE2D3E86BB1}
	EndGlobalSection
EndGlobal
